
Microsoft Visual Studio Solution File, Format Version 12.00
# Visual Studio Version 17
VisualStudioVersion = 17.8.34309.116
MinimumVisualStudioVersion = 10.0.40219.1
Project("{888888A0-9F3D-457C-B088-3A5042F75D52}") = "map-game", "map-game.pyproj", "{5DC6DE01-4BE2-42FB-AD9E-92CC6A1B399D}"
EndProject
Global
	GlobalSection(SolutionConfigurationPlatforms) = preSolution
		Debug|Any CPU = Debug|Any CPU
		Release|Any CPU = Release|Any CPU
	EndGlobalSection
	GlobalSection(ProjectConfigurationPlatforms) = postSolution
		{5DC6DE01-4BE2-42FB-AD9E-92CC6A1B399D}.Debug|Any CPU.ActiveCfg = Debug|Any CPU
		{5DC6DE01-4BE2-42FB-AD9E-92CC6A1B399D}.Release|Any CPU.ActiveCfg = Release|Any CPU
	EndGlobalSection
	GlobalSection(SolutionProperties) = preSolution
		HideSolutionNode = FALSE
	EndGlobalSection
	GlobalSection(ExtensibilityGlobals) = postSolution
		SolutionGuid = {5F3E114E-AB6F-48D5-9ECE-4C25B836FA88}
	EndGlobalSection
EndGlobal
